
Microsoft Visual Studio Solution File, Format Version 12.00
# Visual Studio Version 17
VisualStudioVersion = 17.10.35122.118
MinimumVisualStudioVersion = 10.0.40219.1
Project("{FAE04EC0-301F-11D3-BF4B-00C04F79EFBC}") = "projetoElp4", "projetoElp4\projetoElp4.csproj", "{45910597-6ACE-4FAD-9C50-3C9C81683BBF}"
EndProject
Global
	GlobalSection(SolutionConfigurationPlatforms) = preSolution
		Debug|Any CPU = Debug|Any CPU
		Release|Any CPU = Release|Any CPU
	EndGlobalSection
	GlobalSection(ProjectConfigurationPlatforms) = postSolution
		{45910597-6ACE-4FAD-9C50-3C9C81683BBF}.Debug|Any CPU.ActiveCfg = Debug|Any CPU
		{45910597-6ACE-4FAD-9C50-3C9C81683BBF}.Debug|Any CPU.Build.0 = Debug|Any CPU
		{45910597-6ACE-4FAD-9C50-3C9C81683BBF}.Release|Any CPU.ActiveCfg = Release|Any CPU
		{45910597-6ACE-4FAD-9C50-3C9C81683BBF}.Release|Any CPU.Build.0 = Release|Any CPU
	EndGlobalSection
	GlobalSection(SolutionProperties) = preSolution
		HideSolutionNode = FALSE
	EndGlobalSection
	GlobalSection(ExtensibilityGlobals) = postSolution
		SolutionGuid = {2AC94699-BD62-4F61-B11A-225C475D4374}
	EndGlobalSection
EndGlobal
